
Microsoft Visual Studio Solution File, Format Version 12.00
# Visual Studio 15
VisualStudioVersion = 15.0.27428.2037
MinimumVisualStudioVersion = 10.0.40219.1
Project("{888888A0-9F3D-457C-B088-3A5042F75D52}") = "Lorenz96", "Lorenz96.pyproj", "{E9255718-30A0-4C61-B541-03571B9C6090}"
EndProject
Global
	GlobalSection(SolutionConfigurationPlatforms) = preSolution
		Debug|Any CPU = Debug|Any CPU
		Release|Any CPU = Release|Any CPU
	EndGlobalSection
	GlobalSection(ProjectConfigurationPlatforms) = postSolution
		{E9255718-30A0-4C61-B541-03571B9C6090}.Debug|Any CPU.ActiveCfg = Debug|Any CPU
		{E9255718-30A0-4C61-B541-03571B9C6090}.Release|Any CPU.ActiveCfg = Release|Any CPU
	EndGlobalSection
	GlobalSection(SolutionProperties) = preSolution
		HideSolutionNode = FALSE
	EndGlobalSection
	GlobalSection(ExtensibilityGlobals) = postSolution
		SolutionGuid = {7B1F8445-F1E6-49A6-92E6-C49D5EB337CA}
	EndGlobalSection
EndGlobal
